
Microsoft Visual Studio Solution File, Format Version 12.00
# Visual Studio 15
VisualStudioVersion = 15.0.28307.572
MinimumVisualStudioVersion = 10.0.40219.1
Project("{8BC9CEB8-8B4A-11D0-8D11-00A0C91BC942}") = "Online Orders Management System", "Online Orders Management System\Online Orders Management System.vcxproj", "{61EFCE33-388C-4B2C-B556-17F159D85878}"
EndProject
Global
	GlobalSection(SolutionConfigurationPlatforms) = preSolution
		Debug|x64 = Debug|x64
		Debug|x86 = Debug|x86
		Release|x64 = Release|x64
		Release|x86 = Release|x86
	EndGlobalSection
	GlobalSection(ProjectConfigurationPlatforms) = postSolution
		{61EFCE33-388C-4B2C-B556-17F159D85878}.Debug|x64.ActiveCfg = Debug|x64
		{61EFCE33-388C-4B2C-B556-17F159D85878}.Debug|x64.Build.0 = Debug|x64
		{61EFCE33-388C-4B2C-B556-17F159D85878}.Debug|x86.ActiveCfg = Debug|Win32
		{61EFCE33-388C-4B2C-B556-17F159D85878}.Debug|x86.Build.0 = Debug|Win32
		{61EFCE33-388C-4B2C-B556-17F159D85878}.Release|x64.ActiveCfg = Release|x64
		{61EFCE33-388C-4B2C-B556-17F159D85878}.Release|x64.Build.0 = Release|x64
		{61EFCE33-388C-4B2C-B556-17F159D85878}.Release|x86.ActiveCfg = Release|Win32
		{61EFCE33-388C-4B2C-B556-17F159D85878}.Release|x86.Build.0 = Release|Win32
	EndGlobalSection
	GlobalSection(SolutionProperties) = preSolution
		HideSolutionNode = FALSE
	EndGlobalSection
	GlobalSection(ExtensibilityGlobals) = postSolution
		SolutionGuid = {2A2EFB39-FA86-4BDA-88B3-5E24C9FA5F83}
	EndGlobalSection
EndGlobal
